
Microsoft Visual Studio Solution File, Format Version 12.00
# Visual Studio Version 16
VisualStudioVersion = 16.0.29403.142
MinimumVisualStudioVersion = 10.0.40219.1
Project("{FAE04EC0-301F-11D3-BF4B-00C04F79EFBC}") = "Abstraction", "Abstraction\Abstraction.csproj", "{FE4A8494-C6B7-4719-A90F-1E64BDD7182E}"
EndProject
Global
	GlobalSection(SolutionConfigurationPlatforms) = preSolution
		Debug|Any CPU = Debug|Any CPU
		Release|Any CPU = Release|Any CPU
	EndGlobalSection
	GlobalSection(ProjectConfigurationPlatforms) = postSolution
		{FE4A8494-C6B7-4719-A90F-1E64BDD7182E}.Debug|Any CPU.ActiveCfg = Debug|Any CPU
		{FE4A8494-C6B7-4719-A90F-1E64BDD7182E}.Debug|Any CPU.Build.0 = Debug|Any CPU
		{FE4A8494-C6B7-4719-A90F-1E64BDD7182E}.Release|Any CPU.ActiveCfg = Release|Any CPU
		{FE4A8494-C6B7-4719-A90F-1E64BDD7182E}.Release|Any CPU.Build.0 = Release|Any CPU
	EndGlobalSection
	GlobalSection(SolutionProperties) = preSolution
		HideSolutionNode = FALSE
	EndGlobalSection
	GlobalSection(ExtensibilityGlobals) = postSolution
		SolutionGuid = {E86FB7A0-594B-4D9F-93EA-C33D46550CB8}
	EndGlobalSection
EndGlobal
